// !$*UTF8*$!
{
	archiveVersion = 1;
	classes = {
	};
	objectVersion = 51;
	objects = {

/* Begin PBXBuildFile section */
		5E60D7C62441278F001E7616 /* TextInputCell.swift in Sources */ = {isa = PBXBuildFile; fileRef = 5E60D7C52441278F001E7616 /* TextInputCell.swift */; };
		5E60D7C824412906001E7616 /* IssueUI.swift in Sources */ = {isa = PBXBuildFile; fileRef = 5E60D7C724412906001E7616 /* IssueUI.swift */; };
		5E60D7CA244135F1001E7616 /* ActionCell.swift in Sources */ = {isa = PBXBuildFile; fileRef = 5E60D7C9244135F1001E7616 /* ActionCell.swift */; };
		5E60D7CC2441B613001E7616 /* DateSelectorCell.swift in Sources */ = {isa = PBXBuildFile; fileRef = 5E60D7CB2441B613001E7616 /* DateSelectorCell.swift */; };
		5E60D7FE2441E1C9001E7616 /* BordererViewModifier.swift in Sources */ = {isa = PBXBuildFile; fileRef = 5E60D7FD2441E1C8001E7616 /* BordererViewModifier.swift */; };
		5E60D806244364B1001E7616 /* IssuePresenterNew.swift in Sources */ = {isa = PBXBuildFile; fileRef = 5E60D805244364B1001E7616 /* IssuePresenterNew.swift */; };
		5E60D80C2444AB5E001E7616 /* MultilineInputCell.swift in Sources */ = {isa = PBXBuildFile; fileRef = 5E60D80B2444AB5E001E7616 /* MultilineInputCell.swift */; };
		5E60D80E2444C790001E7616 /* KeyboardFollower.swift in Sources */ = {isa = PBXBuildFile; fileRef = 5E60D80D2444C78F001E7616 /* KeyboardFollower.swift */; };
		5E6834E72405B9AF001631FD /* DataManager.swift in Sources */ = {isa = PBXBuildFile; fileRef = 5E6834E62405B9AF001631FD /* DataManager.swift */; };
		5E6834EA2405BAF9001631FD /* Route.swift in Sources */ = {isa = PBXBuildFile; fileRef = 5E6834E92405BAF9001631FD /* Route.swift */; };
		5E6834EC2405BEBC001631FD /* RouteUT.swift in Sources */ = {isa = PBXBuildFile; fileRef = 5E6834EB2405BEBC001631FD /* RouteUT.swift */; };
		5E6834F12405CA23001631FD /* APIManagerMock.swift in Sources */ = {isa = PBXBuildFile; fileRef = 5E6834F02405CA23001631FD /* APIManagerMock.swift */; };
		5E6834F42405CBA6001631FD /* DataManagerUT.swift in Sources */ = {isa = PBXBuildFile; fileRef = 5E6834F32405CBA6001631FD /* DataManagerUT.swift */; };
		5E6834F82405D84F001631FD /* RoutesVC.swift in Sources */ = {isa = PBXBuildFile; fileRef = 5E6834F72405D84F001631FD /* RoutesVC.swift */; };
		5E6834FB2405D976001631FD /* RouteList.swift in Sources */ = {isa = PBXBuildFile; fileRef = 5E6834FA2405D976001631FD /* RouteList.swift */; };
		5E6CDE4524047FDD000B4EE8 /* APIManager.swift in Sources */ = {isa = PBXBuildFile; fileRef = 5E6CDE4424047FDD000B4EE8 /* APIManager.swift */; };
		5E6CDE49240482EA000B4EE8 /* APIManagerUT.swift in Sources */ = {isa = PBXBuildFile; fileRef = 5E6CDE48240482EA000B4EE8 /* APIManagerUT.swift */; };
		5E6CDE4B2404847A000B4EE8 /* ResponseCodeAPI.swift in Sources */ = {isa = PBXBuildFile; fileRef = 5E6CDE4A2404847A000B4EE8 /* ResponseCodeAPI.swift */; };
		5E6CDE4E24048979000B4EE8 /* RouteAPI.swift in Sources */ = {isa = PBXBuildFile; fileRef = 5E6CDE4D24048979000B4EE8 /* RouteAPI.swift */; };
		5E70DED023FF1FC800ACC2C7 /* AppDelegate.swift in Sources */ = {isa = PBXBuildFile; fileRef = 5E70DECF23FF1FC800ACC2C7 /* AppDelegate.swift */; };
		5E70DED223FF1FC800ACC2C7 /* SceneDelegate.swift in Sources */ = {isa = PBXBuildFile; fileRef = 5E70DED123FF1FC800ACC2C7 /* SceneDelegate.swift */; };
		5E70DED723FF1FC800ACC2C7 /* Main.storyboard in Resources */ = {isa = PBXBuildFile; fileRef = 5E70DED523FF1FC800ACC2C7 /* Main.storyboard */; };
		5E70DED923FF1FC800ACC2C7 /* Assets.xcassets in Resources */ = {isa = PBXBuildFile; fileRef = 5E70DED823FF1FC800ACC2C7 /* Assets.xcassets */; };
		5E70DEDC23FF1FC800ACC2C7 /* LaunchScreen.storyboard in Resources */ = {isa = PBXBuildFile; fileRef = 5E70DEDA23FF1FC800ACC2C7 /* LaunchScreen.storyboard */; };
		5E70DEF623FF22DF00ACC2C7 /* R.generated.swift in Sources */ = {isa = PBXBuildFile; fileRef = 5E70DEF523FF22DF00ACC2C7 /* R.generated.swift */; };
		5E7A06D72405108800157138 /* PointAPI.swift in Sources */ = {isa = PBXBuildFile; fileRef = 5E7A06D62405108700157138 /* PointAPI.swift */; };
		5E7A06D9240511BD00157138 /* StopPointAPI.swift in Sources */ = {isa = PBXBuildFile; fileRef = 5E7A06D8240511BD00157138 /* StopPointAPI.swift */; };
		5E84265C24079FEF00B71563 /* RouteListCell.swift in Sources */ = {isa = PBXBuildFile; fileRef = 5E84265B24079FEF00B71563 /* RouteListCell.swift */; };
		5E84265E2407A5BD00B71563 /* RouteVM.swift in Sources */ = {isa = PBXBuildFile; fileRef = 5E84265D2407A5BD00B71563 /* RouteVM.swift */; };
		5E8426602407A70600B71563 /* RouteVMUT.swift in Sources */ = {isa = PBXBuildFile; fileRef = 5E84265F2407A70600B71563 /* RouteVMUT.swift */; };
		5E8426692407DF6D00B71563 /* Point.swift in Sources */ = {isa = PBXBuildFile; fileRef = 5E8426682407DF6D00B71563 /* Point.swift */; };
		5E84266B2407E1AD00B71563 /* PointUT.swift in Sources */ = {isa = PBXBuildFile; fileRef = 5E84266A2407E1AD00B71563 /* PointUT.swift */; };
		5E84266D2407F78400B71563 /* RouteMap.swift in Sources */ = {isa = PBXBuildFile; fileRef = 5E84266C2407F78400B71563 /* RouteMap.swift */; };
		5E8C86DC2408435E0007CF6E /* StopPoint.swift in Sources */ = {isa = PBXBuildFile; fileRef = 5E8C86DB2408435E0007CF6E /* StopPoint.swift */; };
		5E8C86DE240845870007CF6E /* StopPointUT.swift in Sources */ = {isa = PBXBuildFile; fileRef = 5E8C86DD240845870007CF6E /* StopPointUT.swift */; };
		5E8C86E0240852D20007CF6E /* StopPointVM.swift in Sources */ = {isa = PBXBuildFile; fileRef = 5E8C86DF240852D20007CF6E /* StopPointVM.swift */; };
		5E8C86E22408535D0007CF6E /* Localizable.strings in Resources */ = {isa = PBXBuildFile; fileRef = 5E8C86E12408535D0007CF6E /* Localizable.strings */; };
		5E8C86E4240854410007CF6E /* StringExtension.swift in Sources */ = {isa = PBXBuildFile; fileRef = 5E8C86E3240854410007CF6E /* StringExtension.swift */; };
		5E8E1C672407145E0051EAF6 /* RoutesVCMock.swift in Sources */ = {isa = PBXBuildFile; fileRef = 5E8E1C662407145E0051EAF6 /* RoutesVCMock.swift */; };
		5E8E1C6C240718760051EAF6 /* RoutesVCUT.swift in Sources */ = {isa = PBXBuildFile; fileRef = 5E8E1C6B240718760051EAF6 /* RoutesVCUT.swift */; };
		5E8E1C6E240722830051EAF6 /* RoutesPresenterUT.swift in Sources */ = {isa = PBXBuildFile; fileRef = 5E8E1C6D240722830051EAF6 /* RoutesPresenterUT.swift */; };
		5E8E1C70240723A70051EAF6 /* RoutesPresenterMock.swift in Sources */ = {isa = PBXBuildFile; fileRef = 5E8E1C6F240723A70051EAF6 /* RoutesPresenterMock.swift */; };
		5E8E1C73240725810051EAF6 /* RoutesInteractor.swift in Sources */ = {isa = PBXBuildFile; fileRef = 5E8E1C72240725810051EAF6 /* RoutesInteractor.swift */; };
		5EA9DE3924097F4D00B78B7A /* DBManager.swift in Sources */ = {isa = PBXBuildFile; fileRef = 5EA9DE3824097F4D00B78B7A /* DBManager.swift */; };
		5EA9DE3B240996FE00B78B7A /* RealmConfig.swift in Sources */ = {isa = PBXBuildFile; fileRef = 5EA9DE3A240996FE00B78B7A /* RealmConfig.swift */; };
		5EA9DE3E24099A7B00B78B7A /* DBManagerUT.swift in Sources */ = {isa = PBXBuildFile; fileRef = 5EA9DE3D24099A7B00B78B7A /* DBManagerUT.swift */; };
		5EA9DE442409A48E00B78B7A /* IssueDB.swift in Sources */ = {isa = PBXBuildFile; fileRef = 5EA9DE432409A48E00B78B7A /* IssueDB.swift */; };
		5EA9DE462409CFA400B78B7A /* Issue.swift in Sources */ = {isa = PBXBuildFile; fileRef = 5EA9DE452409CFA400B78B7A /* Issue.swift */; };
		5EA9DE482409D14E00B78B7A /* IssueUT.swift in Sources */ = {isa = PBXBuildFile; fileRef = 5EA9DE472409D14E00B78B7A /* IssueUT.swift */; };
		5EA9DE4B240A36CA00B78B7A /* IssueVC.swift in Sources */ = {isa = PBXBuildFile; fileRef = 5EA9DE4A240A36CA00B78B7A /* IssueVC.swift */; };
		5EA9DE4D240A374600B78B7A /* IssuePresenter.swift in Sources */ = {isa = PBXBuildFile; fileRef = 5EA9DE4C240A374600B78B7A /* IssuePresenter.swift */; };
		5EA9DE50240A66C100B78B7A /* AttributeIssueTVC.swift in Sources */ = {isa = PBXBuildFile; fileRef = 5EA9DE4F240A66C100B78B7A /* AttributeIssueTVC.swift */; };
		5EA9DE52240A676400B78B7A /* IssueVM.swift in Sources */ = {isa = PBXBuildFile; fileRef = 5EA9DE51240A676400B78B7A /* IssueVM.swift */; };
		5EA9DE55240A685800B78B7A /* IssueVMUT.swift in Sources */ = {isa = PBXBuildFile; fileRef = 5EA9DE54240A685800B78B7A /* IssueVMUT.swift */; };
		5EA9DE57240A6BF800B78B7A /* IssueView.swift in Sources */ = {isa = PBXBuildFile; fileRef = 5EA9DE56240A6BF800B78B7A /* IssueView.swift */; };
		5EA9DE59240A79F800B78B7A /* ActionIssueTVC.swift in Sources */ = {isa = PBXBuildFile; fileRef = 5EA9DE58240A79F800B78B7A /* ActionIssueTVC.swift */; };
		5EA9DE5C240A7CBF00B78B7A /* AppColors.swift in Sources */ = {isa = PBXBuildFile; fileRef = 5EA9DE5B240A7CBF00B78B7A /* AppColors.swift */; };
		5EA9DE61240AFA3D00B78B7A /* IssueDBUT.swift in Sources */ = {isa = PBXBuildFile; fileRef = 5EA9DE60240AFA3D00B78B7A /* IssueDBUT.swift */; };
		5EA9DE66240B057E00B78B7A /* IssuePresenterUT.swift in Sources */ = {isa = PBXBuildFile; fileRef = 5EA9DE65240B057E00B78B7A /* IssuePresenterUT.swift */; };
		5EA9DE69240B05F700B78B7A /* IssueVCMock.swift in Sources */ = {isa = PBXBuildFile; fileRef = 5EA9DE68240B05F700B78B7A /* IssueVCMock.swift */; };
		5EA9DE6B240B067C00B78B7A /* IssuePresenterMock.swift in Sources */ = {isa = PBXBuildFile; fileRef = 5EA9DE6A240B067C00B78B7A /* IssuePresenterMock.swift */; };
		5EA9DE6D240B21E600B78B7A /* DateSelectorTVC.swift in Sources */ = {isa = PBXBuildFile; fileRef = 5EA9DE6C240B21E600B78B7A /* DateSelectorTVC.swift */; };
		5EA9DE6F240BA73900B78B7A /* ReportTVC.swift in Sources */ = {isa = PBXBuildFile; fileRef = 5EA9DE6E240BA73900B78B7A /* ReportTVC.swift */; };
		5EA9DE74240BC4C000B78B7A /* RequestNotificationPermissionOp.swift in Sources */ = {isa = PBXBuildFile; fileRef = 5EA9DE73240BC4C000B78B7A /* RequestNotificationPermissionOp.swift */; };
		5EA9DE76240BCACA00B78B7A /* AttributeIssueType.swift in Sources */ = {isa = PBXBuildFile; fileRef = 5EA9DE75240BCACA00B78B7A /* AttributeIssueType.swift */; };
		5EC1EB65243897A400A209B1 /* FormView.swift in Sources */ = {isa = PBXBuildFile; fileRef = 5EC1EB64243897A400A209B1 /* FormView.swift */; };
		5EC5506B24069FF20073AD6A /* RoutesPresenter.swift in Sources */ = {isa = PBXBuildFile; fileRef = 5EC5506A24069FF20073AD6A /* RoutesPresenter.swift */; };
		5EC5506F2406A5110073AD6A /* StartUpAppSequencer.swift in Sources */ = {isa = PBXBuildFile; fileRef = 5EC5506E2406A5110073AD6A /* StartUpAppSequencer.swift */; };
		5EC550732406A5290073AD6A /* ConcurrentOperation.swift in Sources */ = {isa = PBXBuildFile; fileRef = 5EC550712406A5290073AD6A /* ConcurrentOperation.swift */; };
		5EC550742406A5290073AD6A /* PresentMainAppOperation.swift in Sources */ = {isa = PBXBuildFile; fileRef = 5EC550722406A5290073AD6A /* PresentMainAppOperation.swift */; };
		5EC550772406A5960073AD6A /* MainFlowCoordinator.swift in Sources */ = {isa = PBXBuildFile; fileRef = 5EC550762406A5960073AD6A /* MainFlowCoordinator.swift */; };
		5EC5507B2406A7AD0073AD6A /* UIApplicationExtension.swift in Sources */ = {isa = PBXBuildFile; fileRef = 5EC550792406A7AD0073AD6A /* UIApplicationExtension.swift */; };
		5EC550802406AA5B0073AD6A /* RoutesInteractor.swift in Sources */ = {isa = PBXBuildFile; fileRef = 5EC5507F2406AA5B0073AD6A /* RoutesInteractor.swift */; };
		5EC550832406ADD10073AD6A /* RoutesInteractorUT.swift in Sources */ = {isa = PBXBuildFile; fileRef = 5EC550822406ADD10073AD6A /* RoutesInteractorUT.swift */; };
		5EC550852406AE510073AD6A /* DataManagerMock.swift in Sources */ = {isa = PBXBuildFile; fileRef = 5EC550842406AE510073AD6A /* DataManagerMock.swift */; };
		7F5FA60B6204E1E43CDDC82C /* Pods_seco.framework in Frameworks */ = {isa = PBXBuildFile; fileRef = E6EA200DF6DE7F6846B20637 /* Pods_seco.framework */; };
		D5117A411B81C0D1C18B3BE8 /* Pods_secoTests.framework in Frameworks */ = {isa = PBXBuildFile; fileRef = 7E90D9FD52AB3485DFE3C5A3 /* Pods_secoTests.framework */; };
/* End PBXBuildFile section */

/* Begin PBXContainerItemProxy section */
		5E70DEE323FF1FC900ACC2C7 /* PBXContainerItemProxy */ = {
			isa = PBXContainerItemProxy;
			containerPortal = 5E70DEC423FF1FC800ACC2C7 /* Project object */;
			proxyType = 1;
			remoteGlobalIDString = 5E70DECB23FF1FC800ACC2C7;
			remoteInfo = seco;
		};
/* End PBXContainerItemProxy section */

/* Begin PBXFileReference section */
		09D9AC7E0AB2BF3639881ACB /* Pods-secoTests.release.xcconfig */ = {isa = PBXFileReference; includeInIndex = 1; lastKnownFileType = text.xcconfig; name = "Pods-secoTests.release.xcconfig"; path = "Target Support Files/Pods-secoTests/Pods-secoTests.release.xcconfig"; sourceTree = "<group>"; };
		0EA6C57A37C7FBF5392D879E /* Pods-seco.release.xcconfig */ = {isa = PBXFileReference; includeInIndex = 1; lastKnownFileType = text.xcconfig; name = "Pods-seco.release.xcconfig"; path = "Target Support Files/Pods-seco/Pods-seco.release.xcconfig"; sourceTree = "<group>"; };
		5E60D7C52441278F001E7616 /* TextInputCell.swift */ = {isa = PBXFileReference; lastKnownFileType = sourcecode.swift; path = TextInputCell.swift; sourceTree = "<group>"; };
		5E60D7C724412906001E7616 /* IssueUI.swift */ = {isa = PBXFileReference; lastKnownFileType = sourcecode.swift; path = IssueUI.swift; sourceTree = "<group>"; };
		5E60D7C9244135F1001E7616 /* ActionCell.swift */ = {isa = PBXFileReference; lastKnownFileType = sourcecode.swift; path = ActionCell.swift; sourceTree = "<group>"; };
		5E60D7CB2441B613001E7616 /* DateSelectorCell.swift */ = {isa = PBXFileReference; lastKnownFileType = sourcecode.swift; path = DateSelectorCell.swift; sourceTree = "<group>"; };
		5E60D7FD2441E1C8001E7616 /* BordererViewModifier.swift */ = {isa = PBXFileReference; lastKnownFileType = sourcecode.swift; path = BordererViewModifier.swift; sourceTree = "<group>"; };
		5E60D805244364B1001E7616 /* IssuePresenterNew.swift */ = {isa = PBXFileReference; lastKnownFileType = sourcecode.swift; path = IssuePresenterNew.swift; sourceTree = "<group>"; };
		5E60D80B2444AB5E001E7616 /* MultilineInputCell.swift */ = {isa = PBXFileReference; lastKnownFileType = sourcecode.swift; path = MultilineInputCell.swift; sourceTree = "<group>"; };
		5E60D80D2444C78F001E7616 /* KeyboardFollower.swift */ = {isa = PBXFileReference; fileEncoding = 4; lastKnownFileType = sourcecode.swift; path = KeyboardFollower.swift; sourceTree = "<group>"; };
		5E6834E62405B9AF001631FD /* DataManager.swift */ = {isa = PBXFileReference; lastKnownFileType = sourcecode.swift; path = DataManager.swift; sourceTree = "<group>"; };
		5E6834E92405BAF9001631FD /* Route.swift */ = {isa = PBXFileReference; lastKnownFileType = sourcecode.swift; path = Route.swift; sourceTree = "<group>"; };
		5E6834EB2405BEBC001631FD /* RouteUT.swift */ = {isa = PBXFileReference; lastKnownFileType = sourcecode.swift; path = RouteUT.swift; sourceTree = "<group>"; };
		5E6834F02405CA23001631FD /* APIManagerMock.swift */ = {isa = PBXFileReference; lastKnownFileType = sourcecode.swift; path = APIManagerMock.swift; sourceTree = "<group>"; };
		5E6834F32405CBA6001631FD /* DataManagerUT.swift */ = {isa = PBXFileReference; lastKnownFileType = sourcecode.swift; path = DataManagerUT.swift; sourceTree = "<group>"; };
		5E6834F72405D84F001631FD /* RoutesVC.swift */ = {isa = PBXFileReference; lastKnownFileType = sourcecode.swift; path = RoutesVC.swift; sourceTree = "<group>"; };
		5E6834FA2405D976001631FD /* RouteList.swift */ = {isa = PBXFileReference; lastKnownFileType = sourcecode.swift; path = RouteList.swift; sourceTree = "<group>"; };
		5E6CDE4424047FDD000B4EE8 /* APIManager.swift */ = {isa = PBXFileReference; lastKnownFileType = sourcecode.swift; path = APIManager.swift; sourceTree = "<group>"; };
		5E6CDE48240482EA000B4EE8 /* APIManagerUT.swift */ = {isa = PBXFileReference; lastKnownFileType = sourcecode.swift; path = APIManagerUT.swift; sourceTree = "<group>"; };
		5E6CDE4A2404847A000B4EE8 /* ResponseCodeAPI.swift */ = {isa = PBXFileReference; lastKnownFileType = sourcecode.swift; path = ResponseCodeAPI.swift; sourceTree = "<group>"; };
		5E6CDE4D24048979000B4EE8 /* RouteAPI.swift */ = {isa = PBXFileReference; lastKnownFileType = sourcecode.swift; path = RouteAPI.swift; sourceTree = "<group>"; };
		5E70DECC23FF1FC800ACC2C7 /* seco.app */ = {isa = PBXFileReference; explicitFileType = wrapper.application; includeInIndex = 0; path = seco.app; sourceTree = BUILT_PRODUCTS_DIR; };
		5E70DECF23FF1FC800ACC2C7 /* AppDelegate.swift */ = {isa = PBXFileReference; lastKnownFileType = sourcecode.swift; path = AppDelegate.swift; sourceTree = "<group>"; };
		5E70DED123FF1FC800ACC2C7 /* SceneDelegate.swift */ = {isa = PBXFileReference; lastKnownFileType = sourcecode.swift; path = SceneDelegate.swift; sourceTree = "<group>"; };
		5E70DED623FF1FC800ACC2C7 /* Base */ = {isa = PBXFileReference; lastKnownFileType = file.storyboard; name = Base; path = Base.lproj/Main.storyboard; sourceTree = "<group>"; };
		5E70DED823FF1FC800ACC2C7 /* Assets.xcassets */ = {isa = PBXFileReference; lastKnownFileType = folder.assetcatalog; path = Assets.xcassets; sourceTree = "<group>"; };
		5E70DEDB23FF1FC800ACC2C7 /* Base */ = {isa = PBXFileReference; lastKnownFileType = file.storyboard; name = Base; path = Base.lproj/LaunchScreen.storyboard; sourceTree = "<group>"; };
		5E70DEDD23FF1FC800ACC2C7 /* Info.plist */ = {isa = PBXFileReference; lastKnownFileType = text.plist.xml; path = Info.plist; sourceTree = "<group>"; };
		5E70DEE223FF1FC900ACC2C7 /* secoTests.xctest */ = {isa = PBXFileReference; explicitFileType = wrapper.cfbundle; includeInIndex = 0; path = secoTests.xctest; sourceTree = BUILT_PRODUCTS_DIR; };
		5E70DEE823FF1FC900ACC2C7 /* Info.plist */ = {isa = PBXFileReference; lastKnownFileType = text.plist.xml; path = Info.plist; sourceTree = "<group>"; };
		5E70DEF523FF22DF00ACC2C7 /* R.generated.swift */ = {isa = PBXFileReference; fileEncoding = 4; lastKnownFileType = sourcecode.swift; name = R.generated.swift; path = ViewLayer/Resources/R.Swift/R.generated.swift; sourceTree = SOURCE_ROOT; };
		5E7A06D62405108700157138 /* PointAPI.swift */ = {isa = PBXFileReference; lastKnownFileType = sourcecode.swift; path = PointAPI.swift; sourceTree = "<group>"; };
		5E7A06D8240511BD00157138 /* StopPointAPI.swift */ = {isa = PBXFileReference; lastKnownFileType = sourcecode.swift; path = StopPointAPI.swift; sourceTree = "<group>"; };
		5E84265B24079FEF00B71563 /* RouteListCell.swift */ = {isa = PBXFileReference; lastKnownFileType = sourcecode.swift; path = RouteListCell.swift; sourceTree = "<group>"; };
		5E84265D2407A5BD00B71563 /* RouteVM.swift */ = {isa = PBXFileReference; lastKnownFileType = sourcecode.swift; path = RouteVM.swift; sourceTree = "<group>"; };
		5E84265F2407A70600B71563 /* RouteVMUT.swift */ = {isa = PBXFileReference; lastKnownFileType = sourcecode.swift; path = RouteVMUT.swift; sourceTree = "<group>"; };
		5E8426682407DF6D00B71563 /* Point.swift */ = {isa = PBXFileReference; lastKnownFileType = sourcecode.swift; path = Point.swift; sourceTree = "<group>"; };
		5E84266A2407E1AD00B71563 /* PointUT.swift */ = {isa = PBXFileReference; lastKnownFileType = sourcecode.swift; path = PointUT.swift; sourceTree = "<group>"; };
		5E84266C2407F78400B71563 /* RouteMap.swift */ = {isa = PBXFileReference; lastKnownFileType = sourcecode.swift; path = RouteMap.swift; sourceTree = "<group>"; };
		5E8C86DB2408435E0007CF6E /* StopPoint.swift */ = {isa = PBXFileReference; lastKnownFileType = sourcecode.swift; path = StopPoint.swift; sourceTree = "<group>"; };
		5E8C86DD240845870007CF6E /* StopPointUT.swift */ = {isa = PBXFileReference; lastKnownFileType = sourcecode.swift; path = StopPointUT.swift; sourceTree = "<group>"; };
		5E8C86DF240852D20007CF6E /* StopPointVM.swift */ = {isa = PBXFileReference; lastKnownFileType = sourcecode.swift; path = StopPointVM.swift; sourceTree = "<group>"; };
		5E8C86E12408535D0007CF6E /* Localizable.strings */ = {isa = PBXFileReference; lastKnownFileType = text.plist.strings; path = Localizable.strings; sourceTree = "<group>"; };
		5E8C86E3240854410007CF6E /* StringExtension.swift */ = {isa = PBXFileReference; fileEncoding = 4; lastKnownFileType = sourcecode.swift; path = StringExtension.swift; sourceTree = "<group>"; };
		5E8E1C662407145E0051EAF6 /* RoutesVCMock.swift */ = {isa = PBXFileReference; lastKnownFileType = sourcecode.swift; path = RoutesVCMock.swift; sourceTree = "<group>"; };
		5E8E1C6B240718760051EAF6 /* RoutesVCUT.swift */ = {isa = PBXFileReference; lastKnownFileType = sourcecode.swift; path = RoutesVCUT.swift; sourceTree = "<group>"; };
		5E8E1C6D240722830051EAF6 /* RoutesPresenterUT.swift */ = {isa = PBXFileReference; lastKnownFileType = sourcecode.swift; path = RoutesPresenterUT.swift; sourceTree = "<group>"; };
		5E8E1C6F240723A70051EAF6 /* RoutesPresenterMock.swift */ = {isa = PBXFileReference; lastKnownFileType = sourcecode.swift; path = RoutesPresenterMock.swift; sourceTree = "<group>"; };
		5E8E1C72240725810051EAF6 /* RoutesInteractor.swift */ = {isa = PBXFileReference; lastKnownFileType = sourcecode.swift; path = RoutesInteractor.swift; sourceTree = "<group>"; };
		5EA9DE3824097F4D00B78B7A /* DBManager.swift */ = {isa = PBXFileReference; lastKnownFileType = sourcecode.swift; path = DBManager.swift; sourceTree = "<group>"; };
		5EA9DE3A240996FE00B78B7A /* RealmConfig.swift */ = {isa = PBXFileReference; lastKnownFileType = sourcecode.swift; path = RealmConfig.swift; sourceTree = "<group>"; };
		5EA9DE3D24099A7B00B78B7A /* DBManagerUT.swift */ = {isa = PBXFileReference; lastKnownFileType = sourcecode.swift; path = DBManagerUT.swift; sourceTree = "<group>"; };
		5EA9DE432409A48E00B78B7A /* IssueDB.swift */ = {isa = PBXFileReference; fileEncoding = 4; lastKnownFileType = sourcecode.swift; path = IssueDB.swift; sourceTree = "<group>"; };
		5EA9DE452409CFA400B78B7A /* Issue.swift */ = {isa = PBXFileReference; lastKnownFileType = sourcecode.swift; path = Issue.swift; sourceTree = "<group>"; };
		5EA9DE472409D14E00B78B7A /* IssueUT.swift */ = {isa = PBXFileReference; lastKnownFileType = sourcecode.swift; path = IssueUT.swift; sourceTree = "<group>"; };
		5EA9DE4A240A36CA00B78B7A /* IssueVC.swift */ = {isa = PBXFileReference; lastKnownFileType = sourcecode.swift; path = IssueVC.swift; sourceTree = "<group>"; };
		5EA9DE4C240A374600B78B7A /* IssuePresenter.swift */ = {isa = PBXFileReference; lastKnownFileType = sourcecode.swift; path = IssuePresenter.swift; sourceTree = "<group>"; };
		5EA9DE4F240A66C100B78B7A /* AttributeIssueTVC.swift */ = {isa = PBXFileReference; fileEncoding = 4; lastKnownFileType = sourcecode.swift; path = AttributeIssueTVC.swift; sourceTree = "<group>"; };
		5EA9DE51240A676400B78B7A /* IssueVM.swift */ = {isa = PBXFileReference; lastKnownFileType = sourcecode.swift; path = IssueVM.swift; sourceTree = "<group>"; };
		5EA9DE54240A685800B78B7A /* IssueVMUT.swift */ = {isa = PBXFileReference; lastKnownFileType = sourcecode.swift; path = IssueVMUT.swift; sourceTree = "<group>"; };
		5EA9DE56240A6BF800B78B7A /* IssueView.swift */ = {isa = PBXFileReference; lastKnownFileType = sourcecode.swift; path = IssueView.swift; sourceTree = "<group>"; };
		5EA9DE58240A79F800B78B7A /* ActionIssueTVC.swift */ = {isa = PBXFileReference; fileEncoding = 4; lastKnownFileType = sourcecode.swift; path = ActionIssueTVC.swift; sourceTree = "<group>"; };
		5EA9DE5B240A7CBF00B78B7A /* AppColors.swift */ = {isa = PBXFileReference; fileEncoding = 4; lastKnownFileType = sourcecode.swift; path = AppColors.swift; sourceTree = "<group>"; };
		5EA9DE60240AFA3D00B78B7A /* IssueDBUT.swift */ = {isa = PBXFileReference; lastKnownFileType = sourcecode.swift; path = IssueDBUT.swift; sourceTree = "<group>"; };
		5EA9DE65240B057E00B78B7A /* IssuePresenterUT.swift */ = {isa = PBXFileReference; lastKnownFileType = sourcecode.swift; path = IssuePresenterUT.swift; sourceTree = "<group>"; };
		5EA9DE68240B05F700B78B7A /* IssueVCMock.swift */ = {isa = PBXFileReference; lastKnownFileType = sourcecode.swift; path = IssueVCMock.swift; sourceTree = "<group>"; };
		5EA9DE6A240B067C00B78B7A /* IssuePresenterMock.swift */ = {isa = PBXFileReference; lastKnownFileType = sourcecode.swift; path = IssuePresenterMock.swift; sourceTree = "<group>"; };
		5EA9DE6C240B21E600B78B7A /* DateSelectorTVC.swift */ = {isa = PBXFileReference; lastKnownFileType = sourcecode.swift; path = DateSelectorTVC.swift; sourceTree = "<group>"; };
		5EA9DE6E240BA73900B78B7A /* ReportTVC.swift */ = {isa = PBXFileReference; lastKnownFileType = sourcecode.swift; path = ReportTVC.swift; sourceTree = "<group>"; };
		5EA9DE73240BC4C000B78B7A /* RequestNotificationPermissionOp.swift */ = {isa = PBXFileReference; lastKnownFileType = sourcecode.swift; path = RequestNotificationPermissionOp.swift; sourceTree = "<group>"; };
		5EA9DE75240BCACA00B78B7A /* AttributeIssueType.swift */ = {isa = PBXFileReference; lastKnownFileType = sourcecode.swift; path = AttributeIssueType.swift; sourceTree = "<group>"; };
		5EC1EB64243897A400A209B1 /* FormView.swift */ = {isa = PBXFileReference; lastKnownFileType = sourcecode.swift; name = FormView.swift; path = ../../FormView.swift; sourceTree = "<group>"; };
		5EC5506A24069FF20073AD6A /* RoutesPresenter.swift */ = {isa = PBXFileReference; lastKnownFileType = sourcecode.swift; path = RoutesPresenter.swift; sourceTree = "<group>"; };
		5EC5506E2406A5110073AD6A /* StartUpAppSequencer.swift */ = {isa = PBXFileReference; fileEncoding = 4; lastKnownFileType = sourcecode.swift; path = StartUpAppSequencer.swift; sourceTree = "<group>"; };
		5EC550712406A5290073AD6A /* ConcurrentOperation.swift */ = {isa = PBXFileReference; fileEncoding = 4; lastKnownFileType = sourcecode.swift; path = ConcurrentOperation.swift; sourceTree = "<group>"; };
		5EC550722406A5290073AD6A /* PresentMainAppOperation.swift */ = {isa = PBXFileReference; fileEncoding = 4; lastKnownFileType = sourcecode.swift; path = PresentMainAppOperation.swift; sourceTree = "<group>"; };
		5EC550762406A5960073AD6A /* MainFlowCoordinator.swift */ = {isa = PBXFileReference; fileEncoding = 4; lastKnownFileType = sourcecode.swift; path = MainFlowCoordinator.swift; sourceTree = "<group>"; };
		5EC550792406A7AD0073AD6A /* UIApplicationExtension.swift */ = {isa = PBXFileReference; fileEncoding = 4; lastKnownFileType = sourcecode.swift; path = UIApplicationExtension.swift; sourceTree = "<group>"; };
		5EC5507F2406AA5B0073AD6A /* RoutesInteractor.swift */ = {isa = PBXFileReference; lastKnownFileType = sourcecode.swift; path = RoutesInteractor.swift; sourceTree = "<group>"; };
		5EC550822406ADD10073AD6A /* RoutesInteractorUT.swift */ = {isa = PBXFileReference; lastKnownFileType = sourcecode.swift; path = RoutesInteractorUT.swift; sourceTree = "<group>"; };
		5EC550842406AE510073AD6A /* DataManagerMock.swift */ = {isa = PBXFileReference; lastKnownFileType = sourcecode.swift; path = DataManagerMock.swift; sourceTree = "<group>"; };
		655176D7B5AD0657781AF87E /* Pods-secoTests.debug.xcconfig */ = {isa = PBXFileReference; includeInIndex = 1; lastKnownFileType = text.xcconfig; name = "Pods-secoTests.debug.xcconfig"; path = "Target Support Files/Pods-secoTests/Pods-secoTests.debug.xcconfig"; sourceTree = "<group>"; };
		7E90D9FD52AB3485DFE3C5A3 /* Pods_secoTests.framework */ = {isa = PBXFileReference; explicitFileType = wrapper.framework; includeInIndex = 0; path = Pods_secoTests.framework; sourceTree = BUILT_PRODUCTS_DIR; };
		D254EDB50B0A0EBE377BCEE7 /* Pods-seco.debug.xcconfig */ = {isa = PBXFileReference; includeInIndex = 1; lastKnownFileType = text.xcconfig; name = "Pods-seco.debug.xcconfig"; path = "Target Support Files/Pods-seco/Pods-seco.debug.xcconfig"; sourceTree = "<group>"; };
		E6EA200DF6DE7F6846B20637 /* Pods_seco.framework */ = {isa = PBXFileReference; explicitFileType = wrapper.framework; includeInIndex = 0; path = Pods_seco.framework; sourceTree = BUILT_PRODUCTS_DIR; };
/* End PBXFileReference section */

/* Begin PBXFrameworksBuildPhase section */
		5E70DEC923FF1FC800ACC2C7 /* Frameworks */ = {
			isa = PBXFrameworksBuildPhase;
			buildActionMask = 2147483647;
			files = (
				7F5FA60B6204E1E43CDDC82C /* Pods_seco.framework in Frameworks */,
			);
			runOnlyForDeploymentPostprocessing = 0;
		};
		5E70DEDF23FF1FC900ACC2C7 /* Frameworks */ = {
			isa = PBXFrameworksBuildPhase;
			buildActionMask = 2147483647;
			files = (
				D5117A411B81C0D1C18B3BE8 /* Pods_secoTests.framework in Frameworks */,
			);
			runOnlyForDeploymentPostprocessing = 0;
		};
/* End PBXFrameworksBuildPhase section */

/* Begin PBXGroup section */
		4EA184EB57C957EB531848B4 /* Frameworks */ = {
			isa = PBXGroup;
			children = (
				E6EA200DF6DE7F6846B20637 /* Pods_seco.framework */,
				7E90D9FD52AB3485DFE3C5A3 /* Pods_secoTests.framework */,
			);
			name = Frameworks;
			sourceTree = "<group>";
		};
		5E60D7C02440EF2A001E7616 /* Form */ = {
			isa = PBXGroup;
			children = (
				5E60D8002441E3B1001E7616 /* Cells */,
				5E60D7FF2441E3A3001E7616 /* Modifiers */,
				5EC1EB64243897A400A209B1 /* FormView.swift */,
				5E60D7C724412906001E7616 /* IssueUI.swift */,
				5E60D805244364B1001E7616 /* IssuePresenterNew.swift */,
			);
			path = Form;
			sourceTree = "<group>";
		};
		5E60D7FF2441E3A3001E7616 /* Modifiers */ = {
			isa = PBXGroup;
			children = (
				5E60D80D2444C78F001E7616 /* KeyboardFollower.swift */,
				5E60D7FD2441E1C8001E7616 /* BordererViewModifier.swift */,
			);
			path = Modifiers;
			sourceTree = "<group>";
		};
		5E60D8002441E3B1001E7616 /* Cells */ = {
			isa = PBXGroup;
			children = (
				5E60D7C9244135F1001E7616 /* ActionCell.swift */,
				5E60D7C52441278F001E7616 /* TextInputCell.swift */,
				5E60D7CB2441B613001E7616 /* DateSelectorCell.swift */,
				5E60D80B2444AB5E001E7616 /* MultilineInputCell.swift */,
			);
			path = Cells;
			sourceTree = "<group>";
		};
		5E6834E82405BADC001631FD /* Model */ = {
			isa = PBXGroup;
			children = (
				5E6834E92405BAF9001631FD /* Route.swift */,
				5EA9DE452409CFA400B78B7A /* Issue.swift */,
				5E8426682407DF6D00B71563 /* Point.swift */,
				5E8C86DB2408435E0007CF6E /* StopPoint.swift */,
			);
			path = Model;
			sourceTree = "<group>";
		};
		5E6834ED2405C99A001631FD /* Mocks */ = {
			isa = PBXGroup;
			children = (
				5E8E1C63240708EF0051EAF6 /* ViewLayer */,
				5E8E1C71240725200051EAF6 /* DomainLayer */,
				5E6834EE2405C9A3001631FD /* DataLayer */,
			);
			path = Mocks;
			sourceTree = "<group>";
		};
		5E6834EE2405C9A3001631FD /* DataLayer */ = {
			isa = PBXGroup;
			children = (
				5E6834EF2405C9B4001631FD /* APIManager */,
				5EC550842406AE510073AD6A /* DataManagerMock.swift */,
			);
			path = DataLayer;
			sourceTree = "<group>";
		};
		5E6834EF2405C9B4001631FD /* APIManager */ = {
			isa = PBXGroup;
			children = (
				5E6834F02405CA23001631FD /* APIManagerMock.swift */,
			);
			path = APIManager;
			sourceTree = "<group>";
		};
		5E6834F22405CB76001631FD /* Model */ = {
			isa = PBXGroup;
			children = (
				5E6834EB2405BEBC001631FD /* RouteUT.swift */,
				5EA9DE472409D14E00B78B7A /* IssueUT.swift */,
				5E84266A2407E1AD00B71563 /* PointUT.swift */,
				5E8C86DD240845870007CF6E /* StopPointUT.swift */,
			);
			path = Model;
			sourceTree = "<group>";
		};
		5E6834F62405D6DC001631FD /* Routes */ = {
			isa = PBXGroup;
			children = (
				5E6834F92405D927001631FD /* View */,
				5E6834F72405D84F001631FD /* RoutesVC.swift */,
				5EC5506A24069FF20073AD6A /* RoutesPresenter.swift */,
			);
			path = Routes;
			sourceTree = "<group>";
		};
		5E6834F92405D927001631FD /* View */ = {
			isa = PBXGroup;
			children = (
				5E6834FA2405D976001631FD /* RouteList.swift */,
				5E84266C2407F78400B71563 /* RouteMap.swift */,
				5E84265B24079FEF00B71563 /* RouteListCell.swift */,
				5E84265D2407A5BD00B71563 /* RouteVM.swift */,
				5E8C86DF240852D20007CF6E /* StopPointVM.swift */,
			);
			path = View;
			sourceTree = "<group>";
		};
		5E6834FC2405DAC2001631FD /* Storyboards */ = {
			isa = PBXGroup;
			children = (
				5E70DED523FF1FC800ACC2C7 /* Main.storyboard */,
				5E70DEDA23FF1FC800ACC2C7 /* LaunchScreen.storyboard */,
			);
			path = Storyboards;
			sourceTree = "<group>";
		};
		5E6CDE4224047F6E000B4EE8 /* DataLayer */ = {
			isa = PBXGroup;
			children = (
				5EA9DE3724097F2D00B78B7A /* DBManager */,
				5E6834E82405BADC001631FD /* Model */,
				5E6834E62405B9AF001631FD /* DataManager.swift */,
				5E6CDE4324047F79000B4EE8 /* APIManager */,
			);
			path = DataLayer;
			sourceTree = "<group>";
		};
		5E6CDE4324047F79000B4EE8 /* APIManager */ = {
			isa = PBXGroup;
			children = (
				5E6CDE4C24048948000B4EE8 /* Model */,
				5E6CDE4424047FDD000B4EE8 /* APIManager.swift */,
				5E6CDE4A2404847A000B4EE8 /* ResponseCodeAPI.swift */,
			);
			path = APIManager;
			sourceTree = "<group>";
		};
		5E6CDE46240482B5000B4EE8 /* DataLayer */ = {
			isa = PBXGroup;
			children = (
				5EA9DE3C240999B400B78B7A /* DBManager */,
				5E6834F32405CBA6001631FD /* DataManagerUT.swift */,
				5E6834F22405CB76001631FD /* Model */,
				5E6CDE47240482BD000B4EE8 /* APIManager */,
			);
			path = DataLayer;
			sourceTree = "<group>";
		};
		5E6CDE47240482BD000B4EE8 /* APIManager */ = {
			isa = PBXGroup;
			children = (
				5E6CDE48240482EA000B4EE8 /* APIManagerUT.swift */,
			);
			path = APIManager;
			sourceTree = "<group>";
		};
		5E6CDE4C24048948000B4EE8 /* Model */ = {
			isa = PBXGroup;
			children = (
				5E6CDE4D24048979000B4EE8 /* RouteAPI.swift */,
				5E7A06D8240511BD00157138 /* StopPointAPI.swift */,
				5E7A06D62405108700157138 /* PointAPI.swift */,
			);
			path = Model;
			sourceTree = "<group>";
		};
		5E70DEC323FF1FC800ACC2C7 = {
			isa = PBXGroup;
			children = (
				5E70DECE23FF1FC800ACC2C7 /* seco */,
				5E70DEE523FF1FC900ACC2C7 /* secoTests */,
				5E70DECD23FF1FC800ACC2C7 /* Products */,
				B0484CBF908640EE712CB988 /* Pods */,
				4EA184EB57C957EB531848B4 /* Frameworks */,
			);
			sourceTree = "<group>";
		};
		5E70DECD23FF1FC800ACC2C7 /* Products */ = {
			isa = PBXGroup;
			children = (
				5E70DECC23FF1FC800ACC2C7 /* seco.app */,
				5E70DEE223FF1FC900ACC2C7 /* secoTests.xctest */,
			);
			name = Products;
			sourceTree = "<group>";
		};
		5E70DECE23FF1FC800ACC2C7 /* seco */ = {
			isa = PBXGroup;
			children = (
				5E70DEF223FF20B400ACC2C7 /* ViewLayer */,
				5EC5506C2406A4EB0073AD6A /* DomainLayer */,
				5E6CDE4224047F6E000B4EE8 /* DataLayer */,
				5E70DECF23FF1FC800ACC2C7 /* AppDelegate.swift */,
				5E70DED123FF1FC800ACC2C7 /* SceneDelegate.swift */,
				5E70DEDD23FF1FC800ACC2C7 /* Info.plist */,
			);
			path = seco;
			sourceTree = "<group>";
		};
		5E70DEE523FF1FC900ACC2C7 /* secoTests */ = {
			isa = PBXGroup;
			children = (
				5E6834ED2405C99A001631FD /* Mocks */,
				5E8E1C68240717CD0051EAF6 /* ViewLayer */,
				5EC550812406ADA10073AD6A /* DomainLayer */,
				5E6CDE46240482B5000B4EE8 /* DataLayer */,
				5E70DEE823FF1FC900ACC2C7 /* Info.plist */,
			);
			path = secoTests;
			sourceTree = "<group>";
		};
		5E70DEF223FF20B400ACC2C7 /* ViewLayer */ = {
			isa = PBXGroup;
			children = (
				5EC5507D2406A98A0073AD6A /* Controllers */,
				5E6834FC2405DAC2001631FD /* Storyboards */,
				5E70DEF323FF20BF00ACC2C7 /* Resources */,
				5EC550782406A7650073AD6A /* Extensions */,
			);
			path = ViewLayer;
			sourceTree = "<group>";
		};
		5E70DEF323FF20BF00ACC2C7 /* Resources */ = {
			isa = PBXGroup;
			children = (
				5EA9DE5A240A7CAC00B78B7A /* Styles */,
				5E70DED823FF1FC800ACC2C7 /* Assets.xcassets */,
				5E8C86E12408535D0007CF6E /* Localizable.strings */,
				5E70DEF423FF20CE00ACC2C7 /* R.Swift */,
			);
			path = Resources;
			sourceTree = "<group>";
		};
		5E70DEF423FF20CE00ACC2C7 /* R.Swift */ = {
			isa = PBXGroup;
			children = (
				5E70DEF523FF22DF00ACC2C7 /* R.generated.swift */,
			);
			path = R.Swift;
			sourceTree = "<group>";
		};
		5E8E1C63240708EF0051EAF6 /* ViewLayer */ = {
			isa = PBXGroup;
			children = (
				5E8E1C64240713250051EAF6 /* Controllers */,
			);
			path = ViewLayer;
			sourceTree = "<group>";
		};
		5E8E1C64240713250051EAF6 /* Controllers */ = {
			isa = PBXGroup;
			children = (
				5EA9DE67240B05C900B78B7A /* Issue */,
				5E8E1C65240714110051EAF6 /* Routes */,
			);
			path = Controllers;
			sourceTree = "<group>";
		};
		5E8E1C65240714110051EAF6 /* Routes */ = {
			isa = PBXGroup;
			children = (
				5E8E1C662407145E0051EAF6 /* RoutesVCMock.swift */,
				5E8E1C6F240723A70051EAF6 /* RoutesPresenterMock.swift */,
			);
			path = Routes;
			sourceTree = "<group>";
		};
		5E8E1C68240717CD0051EAF6 /* ViewLayer */ = {
			isa = PBXGroup;
			children = (
				5E8E1C692407180D0051EAF6 /* Controllers */,
			);
			path = ViewLayer;
			sourceTree = "<group>";
		};
		5E8E1C692407180D0051EAF6 /* Controllers */ = {
			isa = PBXGroup;
			children = (
				5EA9DE53240A683100B78B7A /* Issue */,
				5E8E1C6A2407181D0051EAF6 /* Routes */,
			);
			path = Controllers;
			sourceTree = "<group>";
		};
		5E8E1C6A2407181D0051EAF6 /* Routes */ = {
			isa = PBXGroup;
			children = (
				5E8E1C6B240718760051EAF6 /* RoutesVCUT.swift */,
				5E8E1C6D240722830051EAF6 /* RoutesPresenterUT.swift */,
				5E84265F2407A70600B71563 /* RouteVMUT.swift */,
			);
			path = Routes;
			sourceTree = "<group>";
		};
		5E8E1C71240725200051EAF6 /* DomainLayer */ = {
			isa = PBXGroup;
			children = (
				5E8E1C72240725810051EAF6 /* RoutesInteractor.swift */,
			);
			path = DomainLayer;
			sourceTree = "<group>";
		};
		5EA9DE3724097F2D00B78B7A /* DBManager */ = {
			isa = PBXGroup;
			children = (
				5EA9DE3F24099BC900B78B7A /* Model */,
				5EA9DE3824097F4D00B78B7A /* DBManager.swift */,
				5EA9DE3A240996FE00B78B7A /* RealmConfig.swift */,
			);
			path = DBManager;
			sourceTree = "<group>";
		};
		5EA9DE3C240999B400B78B7A /* DBManager */ = {
			isa = PBXGroup;
			children = (
				5EA9DE5F240AFA1300B78B7A /* Model */,
				5EA9DE3D24099A7B00B78B7A /* DBManagerUT.swift */,
			);
			path = DBManager;
			sourceTree = "<group>";
		};
		5EA9DE3F24099BC900B78B7A /* Model */ = {
			isa = PBXGroup;
			children = (
				5EA9DE432409A48E00B78B7A /* IssueDB.swift */,
			);
			path = Model;
			sourceTree = "<group>";
		};
		5EA9DE49240A36A300B78B7A /* Issues */ = {
			isa = PBXGroup;
			children = (
				5EA9DE4E240A668100B78B7A /* View */,
				5EA9DE4A240A36CA00B78B7A /* IssueVC.swift */,
				5EA9DE4C240A374600B78B7A /* IssuePresenter.swift */,
			);
			path = Issues;
			sourceTree = "<group>";
		};
		5EA9DE4E240A668100B78B7A /* View */ = {
			isa = PBXGroup;
			children = (
				5EA9DE4F240A66C100B78B7A /* AttributeIssueTVC.swift */,
				5EA9DE75240BCACA00B78B7A /* AttributeIssueType.swift */,
				5EA9DE58240A79F800B78B7A /* ActionIssueTVC.swift */,
				5EA9DE6C240B21E600B78B7A /* DateSelectorTVC.swift */,
				5EA9DE6E240BA73900B78B7A /* ReportTVC.swift */,
				5EA9DE51240A676400B78B7A /* IssueVM.swift */,
				5EA9DE56240A6BF800B78B7A /* IssueView.swift */,
			);
			path = View;
			sourceTree = "<group>";
		};
		5EA9DE53240A683100B78B7A /* Issue */ = {
			isa = PBXGroup;
			children = (
				5EA9DE54240A685800B78B7A /* IssueVMUT.swift */,
				5EA9DE65240B057E00B78B7A /* IssuePresenterUT.swift */,
			);
			path = Issue;
			sourceTree = "<group>";
		};
		5EA9DE5A240A7CAC00B78B7A /* Styles */ = {
			isa = PBXGroup;
			children = (
				5EA9DE5B240A7CBF00B78B7A /* AppColors.swift */,
			);
			path = Styles;
			sourceTree = "<group>";
		};
		5EA9DE5F240AFA1300B78B7A /* Model */ = {
			isa = PBXGroup;
			children = (
				5EA9DE60240AFA3D00B78B7A /* IssueDBUT.swift */,
			);
			path = Model;
			sourceTree = "<group>";
		};
		5EA9DE67240B05C900B78B7A /* Issue */ = {
			isa = PBXGroup;
			children = (
				5EA9DE68240B05F700B78B7A /* IssueVCMock.swift */,
				5EA9DE6A240B067C00B78B7A /* IssuePresenterMock.swift */,
			);
			path = Issue;
			sourceTree = "<group>";
		};
		5EC5506C2406A4EB0073AD6A /* DomainLayer */ = {
			isa = PBXGroup;
			children = (
				5EC5507E2406A9A10073AD6A /* Interactors */,
				5EC550752406A5400073AD6A /* Coordinators */,
				5EC5506D2406A4F80073AD6A /* Sequencer */,
			);
			path = DomainLayer;
			sourceTree = "<group>";
		};
		5EC5506D2406A4F80073AD6A /* Sequencer */ = {
			isa = PBXGroup;
			children = (
				5EC550702406A5160073AD6A /* Operations */,
				5EC5506E2406A5110073AD6A /* StartUpAppSequencer.swift */,
			);
			path = Sequencer;
			sourceTree = "<group>";
		};
		5EC550702406A5160073AD6A /* Operations */ = {
			isa = PBXGroup;
			children = (
				5EC550712406A5290073AD6A /* ConcurrentOperation.swift */,
				5EC550722406A5290073AD6A /* PresentMainAppOperation.swift */,
				5EA9DE73240BC4C000B78B7A /* RequestNotificationPermissionOp.swift */,
			);
			path = Operations;
			sourceTree = "<group>";
		};
		5EC550752406A5400073AD6A /* Coordinators */ = {
			isa = PBXGroup;
			children = (
				5EC550762406A5960073AD6A /* MainFlowCoordinator.swift */,
			);
			path = Coordinators;
			sourceTree = "<group>";
		};
		5EC550782406A7650073AD6A /* Extensions */ = {
			isa = PBXGroup;
			children = (
				5E8C86E3240854410007CF6E /* StringExtension.swift */,
				5EC550792406A7AD0073AD6A /* UIApplicationExtension.swift */,
			);
			path = Extensions;
			sourceTree = "<group>";
		};
		5EC5507D2406A98A0073AD6A /* Controllers */ = {
			isa = PBXGroup;
			children = (
				5E60D7C02440EF2A001E7616 /* Form */,
				5EA9DE49240A36A300B78B7A /* Issues */,
				5E6834F62405D6DC001631FD /* Routes */,
			);
			path = Controllers;
			sourceTree = "<group>";
		};
		5EC5507E2406A9A10073AD6A /* Interactors */ = {
			isa = PBXGroup;
			children = (
				5EC5507F2406AA5B0073AD6A /* RoutesInteractor.swift */,
			);
			path = Interactors;
			sourceTree = "<group>";
		};
		5EC550812406ADA10073AD6A /* DomainLayer */ = {
			isa = PBXGroup;
			children = (
				5EC550822406ADD10073AD6A /* RoutesInteractorUT.swift */,
			);
			path = DomainLayer;
			sourceTree = "<group>";
		};
		B0484CBF908640EE712CB988 /* Pods */ = {
			isa = PBXGroup;
			children = (
				D254EDB50B0A0EBE377BCEE7 /* Pods-seco.debug.xcconfig */,
				0EA6C57A37C7FBF5392D879E /* Pods-seco.release.xcconfig */,
				655176D7B5AD0657781AF87E /* Pods-secoTests.debug.xcconfig */,
				09D9AC7E0AB2BF3639881ACB /* Pods-secoTests.release.xcconfig */,
			);
			path = Pods;
			sourceTree = "<group>";
		};
/* End PBXGroup section */

/* Begin PBXNativeTarget section */
		5E70DECB23FF1FC800ACC2C7 /* seco */ = {
			isa = PBXNativeTarget;
			buildConfigurationList = 5E70DEEB23FF1FC900ACC2C7 /* Build configuration list for PBXNativeTarget "seco" */;
			buildPhases = (
				C26845D8C053A02E3C78CD5F /* [CP] Check Pods Manifest.lock */,
				5E70DEF123FF208A00ACC2C7 /* R.Swift */,
				5E70DEC823FF1FC800ACC2C7 /* Sources */,
				5E70DEC923FF1FC800ACC2C7 /* Frameworks */,
				5E70DECA23FF1FC800ACC2C7 /* Resources */,
				1BCBEE492395CF73268B4997 /* [CP] Embed Pods Frameworks */,
			);
			buildRules = (
			);
			dependencies = (
			);
			name = seco;
			productName = seco;
			productReference = 5E70DECC23FF1FC800ACC2C7 /* seco.app */;
			productType = "com.apple.product-type.application";
		};
		5E70DEE123FF1FC900ACC2C7 /* secoTests */ = {
			isa = PBXNativeTarget;
			buildConfigurationList = 5E70DEEE23FF1FC900ACC2C7 /* Build configuration list for PBXNativeTarget "secoTests" */;
			buildPhases = (
				65BF00036B20C341F37B9C5B /* [CP] Check Pods Manifest.lock */,
				5E70DEDE23FF1FC900ACC2C7 /* Sources */,
				5E70DEDF23FF1FC900ACC2C7 /* Frameworks */,
				5E70DEE023FF1FC900ACC2C7 /* Resources */,
			);
			buildRules = (
			);
			dependencies = (
				5E70DEE423FF1FC900ACC2C7 /* PBXTargetDependency */,
			);
			name = secoTests;
			productName = secoTests;
			productReference = 5E70DEE223FF1FC900ACC2C7 /* secoTests.xctest */;
			productType = "com.apple.product-type.bundle.unit-test";
		};
/* End PBXNativeTarget section */

/* Begin PBXProject section */
		5E70DEC423FF1FC800ACC2C7 /* Project object */ = {
			isa = PBXProject;
			attributes = {
				LastSwiftUpdateCheck = 1130;
				LastUpgradeCheck = 1130;
				ORGANIZATIONNAME = "Javier Calatrava";
				TargetAttributes = {
					5E70DECB23FF1FC800ACC2C7 = {
						CreatedOnToolsVersion = 11.3;
					};
					5E70DEE123FF1FC900ACC2C7 = {
						CreatedOnToolsVersion = 11.3;
						TestTargetID = 5E70DECB23FF1FC800ACC2C7;
					};
				};
			};
			buildConfigurationList = 5E70DEC723FF1FC800ACC2C7 /* Build configuration list for PBXProject "seco" */;
			compatibilityVersion = "Xcode 9.3";
			developmentRegion = en;
			hasScannedForEncodings = 0;
			knownRegions = (
				en,
				Base,
			);
			mainGroup = 5E70DEC323FF1FC800ACC2C7;
			productRefGroup = 5E70DECD23FF1FC800ACC2C7 /* Products */;
			projectDirPath = "";
			projectRoot = "";
			targets = (
				5E70DECB23FF1FC800ACC2C7 /* seco */,
				5E70DEE123FF1FC900ACC2C7 /* secoTests */,
			);
		};
/* End PBXProject section */

/* Begin PBXResourcesBuildPhase section */
		5E70DECA23FF1FC800ACC2C7 /* Resources */ = {
			isa = PBXResourcesBuildPhase;
			buildActionMask = 2147483647;
			files = (
				5E8C86E22408535D0007CF6E /* Localizable.strings in Resources */,
				5E70DEDC23FF1FC800ACC2C7 /* LaunchScreen.storyboard in Resources */,
				5E70DED923FF1FC800ACC2C7 /* Assets.xcassets in Resources */,
				5E70DED723FF1FC800ACC2C7 /* Main.storyboard in Resources */,
			);
			runOnlyForDeploymentPostprocessing = 0;
		};
		5E70DEE023FF1FC900ACC2C7 /* Resources */ = {
			isa = PBXResourcesBuildPhase;
			buildActionMask = 2147483647;
			files = (
			);
			runOnlyForDeploymentPostprocessing = 0;
		};
/* End PBXResourcesBuildPhase section */

/* Begin PBXShellScriptBuildPhase section */
		1BCBEE492395CF73268B4997 /* [CP] Embed Pods Frameworks */ = {
			isa = PBXShellScriptBuildPhase;
			buildActionMask = 2147483647;
			files = (
			);
			inputFileListPaths = (
				"${PODS_ROOT}/Target Support Files/Pods-seco/Pods-seco-frameworks-${CONFIGURATION}-input-files.xcfilelist",
			);
			name = "[CP] Embed Pods Frameworks";
			outputFileListPaths = (
				"${PODS_ROOT}/Target Support Files/Pods-seco/Pods-seco-frameworks-${CONFIGURATION}-output-files.xcfilelist",
			);
			runOnlyForDeploymentPostprocessing = 0;
			shellPath = /bin/sh;
			shellScript = "\"${PODS_ROOT}/Target Support Files/Pods-seco/Pods-seco-frameworks.sh\"\n";
			showEnvVarsInLog = 0;
		};
		5E70DEF123FF208A00ACC2C7 /* R.Swift */ = {
			isa = PBXShellScriptBuildPhase;
			buildActionMask = 2147483647;
			files = (
			);
			inputFileListPaths = (
			);
			inputPaths = (
				"$TEMP_DIR/rswift-lastrun",
			);
			name = R.Swift;
			outputFileListPaths = (
			);
			outputPaths = (
				$SRCROOT/ViewLayer/Resources/R.Swift/R.generated.swift,
			);
			runOnlyForDeploymentPostprocessing = 0;
			shellPath = /bin/sh;
			shellScript = "echo \">>>>>>>>>>>>>>>> R.Swift >>>>>>>>>>>>>>>>>>>>>>\"\n\"$PODS_ROOT/R.swift/rswift\" generate \"$SRCROOT/ViewLayer/Resources/R.Swift/R.generated.swift\"\nls \"$SRCROOT/ViewLayer/Resources/R.Swift/R.generated.swift\"\necho \"<<<<<<<<<<<<<<<<<<<<<<<<<<<<<<<<<<<<<<<<<<<<<<\"\n";
		};
		65BF00036B20C341F37B9C5B /* [CP] Check Pods Manifest.lock */ = {
			isa = PBXShellScriptBuildPhase;
			buildActionMask = 2147483647;
			files = (
			);
			inputFileListPaths = (
			);
			inputPaths = (
				"${PODS_PODFILE_DIR_PATH}/Podfile.lock",
				"${PODS_ROOT}/Manifest.lock",
			);
			name = "[CP] Check Pods Manifest.lock";
			outputFileListPaths = (
			);
			outputPaths = (
				"$(DERIVED_FILE_DIR)/Pods-secoTests-checkManifestLockResult.txt",
			);
			runOnlyForDeploymentPostprocessing = 0;
			shellPath = /bin/sh;
			shellScript = "diff \"${PODS_PODFILE_DIR_PATH}/Podfile.lock\" \"${PODS_ROOT}/Manifest.lock\" > /dev/null\nif [ $? != 0 ] ; then\n    # print error to STDERR\n    echo \"error: The sandbox is not in sync with the Podfile.lock. Run 'pod install' or update your CocoaPods installation.\" >&2\n    exit 1\nfi\n# This output is used by Xcode 'outputs' to avoid re-running this script phase.\necho \"SUCCESS\" > \"${SCRIPT_OUTPUT_FILE_0}\"\n";
			showEnvVarsInLog = 0;
		};
		C26845D8C053A02E3C78CD5F /* [CP] Check Pods Manifest.lock */ = {
			isa = PBXShellScriptBuildPhase;
			buildActionMask = 2147483647;
			files = (
			);
			inputFileListPaths = (
			);
			inputPaths = (
				"${PODS_PODFILE_DIR_PATH}/Podfile.lock",
				"${PODS_ROOT}/Manifest.lock",
			);
			name = "[CP] Check Pods Manifest.lock";
			outputFileListPaths = (
			);
			outputPaths = (
				"$(DERIVED_FILE_DIR)/Pods-seco-checkManifestLockResult.txt",
			);
			runOnlyForDeploymentPostprocessing = 0;
			shellPath = /bin/sh;
			shellScript = "diff \"${PODS_PODFILE_DIR_PATH}/Podfile.lock\" \"${PODS_ROOT}/Manifest.lock\" > /dev/null\nif [ $? != 0 ] ; then\n    # print error to STDERR\n    echo \"error: The sandbox is not in sync with the Podfile.lock. Run 'pod install' or update your CocoaPods installation.\" >&2\n    exit 1\nfi\n# This output is used by Xcode 'outputs' to avoid re-running this script phase.\necho \"SUCCESS\" > \"${SCRIPT_OUTPUT_FILE_0}\"\n";
			showEnvVarsInLog = 0;
		};
/* End PBXShellScriptBuildPhase section */

/* Begin PBXSourcesBuildPhase section */
		5E70DEC823FF1FC800ACC2C7 /* Sources */ = {
			isa = PBXSourcesBuildPhase;
			buildActionMask = 2147483647;
			files = (
				5EA9DE76240BCACA00B78B7A /* AttributeIssueType.swift in Sources */,
				5E84265E2407A5BD00B71563 /* RouteVM.swift in Sources */,
				5E6CDE4B2404847A000B4EE8 /* ResponseCodeAPI.swift in Sources */,
				5EA9DE5C240A7CBF00B78B7A /* AppColors.swift in Sources */,
				5E8C86E0240852D20007CF6E /* StopPointVM.swift in Sources */,
				5E8C86DC2408435E0007CF6E /* StopPoint.swift in Sources */,
				5EA9DE4B240A36CA00B78B7A /* IssueVC.swift in Sources */,
				5EA9DE6F240BA73900B78B7A /* ReportTVC.swift in Sources */,
				5EA9DE4D240A374600B78B7A /* IssuePresenter.swift in Sources */,
				5EA9DE50240A66C100B78B7A /* AttributeIssueTVC.swift in Sources */,
				5EC550802406AA5B0073AD6A /* RoutesInteractor.swift in Sources */,
				5EA9DE462409CFA400B78B7A /* Issue.swift in Sources */,
				5EA9DE74240BC4C000B78B7A /* RequestNotificationPermissionOp.swift in Sources */,
				5E6834E72405B9AF001631FD /* DataManager.swift in Sources */,
				5E60D7C824412906001E7616 /* IssueUI.swift in Sources */,
				5EC5506B24069FF20073AD6A /* RoutesPresenter.swift in Sources */,
				5EA9DE3B240996FE00B78B7A /* RealmConfig.swift in Sources */,
				5E84265C24079FEF00B71563 /* RouteListCell.swift in Sources */,
				5E6834EA2405BAF9001631FD /* Route.swift in Sources */,
				5E60D806244364B1001E7616 /* IssuePresenterNew.swift in Sources */,
				5EC550772406A5960073AD6A /* MainFlowCoordinator.swift in Sources */,
				5E6834F82405D84F001631FD /* RoutesVC.swift in Sources */,
				5E70DED023FF1FC800ACC2C7 /* AppDelegate.swift in Sources */,
				5E6CDE4524047FDD000B4EE8 /* APIManager.swift in Sources */,
				5EC550732406A5290073AD6A /* ConcurrentOperation.swift in Sources */,
				5E6CDE4E24048979000B4EE8 /* RouteAPI.swift in Sources */,
				5EA9DE442409A48E00B78B7A /* IssueDB.swift in Sources */,
				5EA9DE6D240B21E600B78B7A /* DateSelectorTVC.swift in Sources */,
				5EC5506F2406A5110073AD6A /* StartUpAppSequencer.swift in Sources */,
				5EA9DE57240A6BF800B78B7A /* IssueView.swift in Sources */,
				5EA9DE52240A676400B78B7A /* IssueVM.swift in Sources */,
				5E6834FB2405D976001631FD /* RouteList.swift in Sources */,
				5E60D7C62441278F001E7616 /* TextInputCell.swift in Sources */,
				5EC1EB65243897A400A209B1 /* FormView.swift in Sources */,
				5EC550742406A5290073AD6A /* PresentMainAppOperation.swift in Sources */,
				5E60D7CC2441B613001E7616 /* DateSelectorCell.swift in Sources */,
				5E60D7FE2441E1C9001E7616 /* BordererViewModifier.swift in Sources */,
				5E7A06D9240511BD00157138 /* StopPointAPI.swift in Sources */,
				5EC5507B2406A7AD0073AD6A /* UIApplicationExtension.swift in Sources */,
				5E60D80C2444AB5E001E7616 /* MultilineInputCell.swift in Sources */,
				5E8426692407DF6D00B71563 /* Point.swift in Sources */,
				5E84266D2407F78400B71563 /* RouteMap.swift in Sources */,
				5E60D80E2444C790001E7616 /* KeyboardFollower.swift in Sources */,
				5EA9DE59240A79F800B78B7A /* ActionIssueTVC.swift in Sources */,
				5EA9DE3924097F4D00B78B7A /* DBManager.swift in Sources */,
				5E7A06D72405108800157138 /* PointAPI.swift in Sources */,
				5E70DED223FF1FC800ACC2C7 /* SceneDelegate.swift in Sources */,
				5E8C86E4240854410007CF6E /* StringExtension.swift in Sources */,
				5E70DEF623FF22DF00ACC2C7 /* R.generated.swift in Sources */,
				5E60D7CA244135F1001E7616 /* ActionCell.swift in Sources */,
			);
			runOnlyForDeploymentPostprocessing = 0;
		};
		5E70DEDE23FF1FC900ACC2C7 /* Sources */ = {
			isa = PBXSourcesBuildPhase;
			buildActionMask = 2147483647;
			files = (
				5EA9DE3E24099A7B00B78B7A /* DBManagerUT.swift in Sources */,
				5E6834F42405CBA6001631FD /* DataManagerUT.swift in Sources */,
				5E8C86DE240845870007CF6E /* StopPointUT.swift in Sources */,
				5E8426602407A70600B71563 /* RouteVMUT.swift in Sources */,
				5EA9DE69240B05F700B78B7A /* IssueVCMock.swift in Sources */,
				5E6834EC2405BEBC001631FD /* RouteUT.swift in Sources */,
				5EC550832406ADD10073AD6A /* RoutesInteractorUT.swift in Sources */,
				5EA9DE55240A685800B78B7A /* IssueVMUT.swift in Sources */,
				5EA9DE66240B057E00B78B7A /* IssuePresenterUT.swift in Sources */,
				5E8E1C73240725810051EAF6 /* RoutesInteractor.swift in Sources */,
				5EA9DE6B240B067C00B78B7A /* IssuePresenterMock.swift in Sources */,
				5E6834F12405CA23001631FD /* APIManagerMock.swift in Sources */,
				5E84266B2407E1AD00B71563 /* PointUT.swift in Sources */,
				5E8E1C70240723A70051EAF6 /* RoutesPresenterMock.swift in Sources */,
				5EA9DE482409D14E00B78B7A /* IssueUT.swift in Sources */,
				5E8E1C672407145E0051EAF6 /* RoutesVCMock.swift in Sources */,
				5E6CDE49240482EA000B4EE8 /* APIManagerUT.swift in Sources */,
				5EA9DE61240AFA3D00B78B7A /* IssueDBUT.swift in Sources */,
				5EC550852406AE510073AD6A /* DataManagerMock.swift in Sources */,
				5E8E1C6C240718760051EAF6 /* RoutesVCUT.swift in Sources */,
				5E8E1C6E240722830051EAF6 /* RoutesPresenterUT.swift in Sources */,
			);
			runOnlyForDeploymentPostprocessing = 0;
		};
/* End PBXSourcesBuildPhase section */

/* Begin PBXTargetDependency section */
		5E70DEE423FF1FC900ACC2C7 /* PBXTargetDependency */ = {
			isa = PBXTargetDependency;
			target = 5E70DECB23FF1FC800ACC2C7 /* seco */;
			targetProxy = 5E70DEE323FF1FC900ACC2C7 /* PBXContainerItemProxy */;
		};
/* End PBXTargetDependency section */

/* Begin PBXVariantGroup section */
		5E70DED523FF1FC800ACC2C7 /* Main.storyboard */ = {
			isa = PBXVariantGroup;
			children = (
				5E70DED623FF1FC800ACC2C7 /* Base */,
			);
			name = Main.storyboard;
			sourceTree = "<group>";
		};
		5E70DEDA23FF1FC800ACC2C7 /* LaunchScreen.storyboard */ = {
			isa = PBXVariantGroup;
			children = (
				5E70DEDB23FF1FC800ACC2C7 /* Base */,
			);
			name = LaunchScreen.storyboard;
			sourceTree = "<group>";
		};
/* End PBXVariantGroup section */

/* Begin XCBuildConfiguration section */
		5E70DEE923FF1FC900ACC2C7 /* Debug */ = {
			isa = XCBuildConfiguration;
			buildSettings = {
				ALWAYS_SEARCH_USER_PATHS = NO;
				CLANG_ANALYZER_NONNULL = YES;
				CLANG_ANALYZER_NUMBER_OBJECT_CONVERSION = YES_AGGRESSIVE;
				CLANG_CXX_LANGUAGE_STANDARD = "gnu++14";
				CLANG_CXX_LIBRARY = "libc++";
				CLANG_ENABLE_MODULES = YES;
				CLANG_ENABLE_OBJC_ARC = YES;
				CLANG_ENABLE_OBJC_WEAK = YES;
				CLANG_WARN_BLOCK_CAPTURE_AUTORELEASING = YES;
				CLANG_WARN_BOOL_CONVERSION = YES;
				CLANG_WARN_COMMA = YES;
				CLANG_WARN_CONSTANT_CONVERSION = YES;
				CLANG_WARN_DEPRECATED_OBJC_IMPLEMENTATIONS = YES;
				CLANG_WARN_DIRECT_OBJC_ISA_USAGE = YES_ERROR;
				CLANG_WARN_DOCUMENTATION_COMMENTS = YES;
				CLANG_WARN_EMPTY_BODY = YES;
				CLANG_WARN_ENUM_CONVERSION = YES;
				CLANG_WARN_INFINITE_RECURSION = YES;
				CLANG_WARN_INT_CONVERSION = YES;
				CLANG_WARN_NON_LITERAL_NULL_CONVERSION = YES;
				CLANG_WARN_OBJC_IMPLICIT_RETAIN_SELF = YES;
				CLANG_WARN_OBJC_LITERAL_CONVERSION = YES;
				CLANG_WARN_OBJC_ROOT_CLASS = YES_ERROR;
				CLANG_WARN_RANGE_LOOP_ANALYSIS = YES;
				CLANG_WARN_STRICT_PROTOTYPES = YES;
				CLANG_WARN_SUSPICIOUS_MOVE = YES;
				CLANG_WARN_UNGUARDED_AVAILABILITY = YES_AGGRESSIVE;
				CLANG_WARN_UNREACHABLE_CODE = YES;
				CLANG_WARN__DUPLICATE_METHOD_MATCH = YES;
				COPY_PHASE_STRIP = NO;
				DEBUG_INFORMATION_FORMAT = dwarf;
				ENABLE_STRICT_OBJC_MSGSEND = YES;
				ENABLE_TESTABILITY = YES;
				GCC_C_LANGUAGE_STANDARD = gnu11;
				GCC_DYNAMIC_NO_PIC = NO;
				GCC_NO_COMMON_BLOCKS = YES;
				GCC_OPTIMIZATION_LEVEL = 0;
				GCC_PREPROCESSOR_DEFINITIONS = (
					"DEBUG=1",
					"$(inherited)",
				);
				GCC_WARN_64_TO_32_BIT_CONVERSION = YES;
				GCC_WARN_ABOUT_RETURN_TYPE = YES_ERROR;
				GCC_WARN_UNDECLARED_SELECTOR = YES;
				GCC_WARN_UNINITIALIZED_AUTOS = YES_AGGRESSIVE;
				GCC_WARN_UNUSED_FUNCTION = YES;
				GCC_WARN_UNUSED_VARIABLE = YES;
				IPHONEOS_DEPLOYMENT_TARGET = 13.2;
				MTL_ENABLE_DEBUG_INFO = INCLUDE_SOURCE;
				MTL_FAST_MATH = YES;
				ONLY_ACTIVE_ARCH = YES;
				SDKROOT = iphoneos;
				SWIFT_ACTIVE_COMPILATION_CONDITIONS = DEBUG;
				SWIFT_OPTIMIZATION_LEVEL = "-Onone";
			};
			name = Debug;
		};
		5E70DEEA23FF1FC900ACC2C7 /* Release */ = {
			isa = XCBuildConfiguration;
			buildSettings = {
				ALWAYS_SEARCH_USER_PATHS = NO;
				CLANG_ANALYZER_NONNULL = YES;
				CLANG_ANALYZER_NUMBER_OBJECT_CONVERSION = YES_AGGRESSIVE;
				CLANG_CXX_LANGUAGE_STANDARD = "gnu++14";
				CLANG_CXX_LIBRARY = "libc++";
				CLANG_ENABLE_MODULES = YES;
				CLANG_ENABLE_OBJC_ARC = YES;
				CLANG_ENABLE_OBJC_WEAK = YES;
				CLANG_WARN_BLOCK_CAPTURE_AUTORELEASING = YES;
				CLANG_WARN_BOOL_CONVERSION = YES;
				CLANG_WARN_COMMA = YES;
				CLANG_WARN_CONSTANT_CONVERSION = YES;
				CLANG_WARN_DEPRECATED_OBJC_IMPLEMENTATIONS = YES;
				CLANG_WARN_DIRECT_OBJC_ISA_USAGE = YES_ERROR;
				CLANG_WARN_DOCUMENTATION_COMMENTS = YES;
				CLANG_WARN_EMPTY_BODY = YES;
				CLANG_WARN_ENUM_CONVERSION = YES;
				CLANG_WARN_INFINITE_RECURSION = YES;
				CLANG_WARN_INT_CONVERSION = YES;
				CLANG_WARN_NON_LITERAL_NULL_CONVERSION = YES;
				CLANG_WARN_OBJC_IMPLICIT_RETAIN_SELF = YES;
				CLANG_WARN_OBJC_LITERAL_CONVERSION = YES;
				CLANG_WARN_OBJC_ROOT_CLASS = YES_ERROR;
				CLANG_WARN_RANGE_LOOP_ANALYSIS = YES;
				CLANG_WARN_STRICT_PROTOTYPES = YES;
				CLANG_WARN_SUSPICIOUS_MOVE = YES;
				CLANG_WARN_UNGUARDED_AVAILABILITY = YES_AGGRESSIVE;
				CLANG_WARN_UNREACHABLE_CODE = YES;
				CLANG_WARN__DUPLICATE_METHOD_MATCH = YES;
				COPY_PHASE_STRIP = NO;
				DEBUG_INFORMATION_FORMAT = "dwarf-with-dsym";
				ENABLE_NS_ASSERTIONS = NO;
				ENABLE_STRICT_OBJC_MSGSEND = YES;
				GCC_C_LANGUAGE_STANDARD = gnu11;
				GCC_NO_COMMON_BLOCKS = YES;
				GCC_WARN_64_TO_32_BIT_CONVERSION = YES;
				GCC_WARN_ABOUT_RETURN_TYPE = YES_ERROR;
				GCC_WARN_UNDECLARED_SELECTOR = YES;
				GCC_WARN_UNINITIALIZED_AUTOS = YES_AGGRESSIVE;
				GCC_WARN_UNUSED_FUNCTION = YES;
				GCC_WARN_UNUSED_VARIABLE = YES;
				IPHONEOS_DEPLOYMENT_TARGET = 13.2;
				MTL_ENABLE_DEBUG_INFO = NO;
				MTL_FAST_MATH = YES;
				SDKROOT = iphoneos;
				SWIFT_COMPILATION_MODE = wholemodule;
				SWIFT_OPTIMIZATION_LEVEL = "-O";
				VALIDATE_PRODUCT = YES;
			};
			name = Release;
		};
		5E70DEEC23FF1FC900ACC2C7 /* Debug */ = {
			isa = XCBuildConfiguration;
			baseConfigurationReference = D254EDB50B0A0EBE377BCEE7 /* Pods-seco.debug.xcconfig */;
			buildSettings = {
				ASSETCATALOG_COMPILER_APPICON_NAME = AppIcon;
				CODE_SIGN_STYLE = Automatic;
				DEVELOPMENT_TEAM = 7ZPDPWR8XU;
				INFOPLIST_FILE = seco/Info.plist;
				IPHONEOS_DEPLOYMENT_TARGET = 13.0;
				LD_RUNPATH_SEARCH_PATHS = (
					"$(inherited)",
					"@executable_path/Frameworks",
				);
				PRODUCT_BUNDLE_IDENTIFIER = jca.seco;
				PRODUCT_NAME = "$(TARGET_NAME)";
				SWIFT_VERSION = 5.0;
				TARGETED_DEVICE_FAMILY = "1,2";
			};
			name = Debug;
		};
		5E70DEED23FF1FC900ACC2C7 /* Release */ = {
			isa = XCBuildConfiguration;
			baseConfigurationReference = 0EA6C57A37C7FBF5392D879E /* Pods-seco.release.xcconfig */;
			buildSettings = {
				ASSETCATALOG_COMPILER_APPICON_NAME = AppIcon;
				CODE_SIGN_STYLE = Automatic;
				DEVELOPMENT_TEAM = 7ZPDPWR8XU;
				INFOPLIST_FILE = seco/Info.plist;
				IPHONEOS_DEPLOYMENT_TARGET = 13.0;
				LD_RUNPATH_SEARCH_PATHS = (
					"$(inherited)",
					"@executable_path/Frameworks",
				);
				PRODUCT_BUNDLE_IDENTIFIER = jca.seco;
				PRODUCT_NAME = "$(TARGET_NAME)";
				SWIFT_VERSION = 5.0;
				TARGETED_DEVICE_FAMILY = "1,2";
			};
			name = Release;
		};
		5E70DEEF23FF1FC900ACC2C7 /* Debug */ = {
			isa = XCBuildConfiguration;
			baseConfigurationReference = 655176D7B5AD0657781AF87E /* Pods-secoTests.debug.xcconfig */;
			buildSettings = {
				ALWAYS_EMBED_SWIFT_STANDARD_LIBRARIES = YES;
				BUNDLE_LOADER = "$(TEST_HOST)";
				CODE_SIGN_STYLE = Automatic;
				DEVELOPMENT_TEAM = 7ZPDPWR8XU;
				INFOPLIST_FILE = secoTests/Info.plist;
				IPHONEOS_DEPLOYMENT_TARGET = 13.2;
				LD_RUNPATH_SEARCH_PATHS = (
					"$(inherited)",
					"@executable_path/Frameworks",
					"@loader_path/Frameworks",
				);
				PRODUCT_BUNDLE_IDENTIFIER = jca.secoTests;
				PRODUCT_NAME = "$(TARGET_NAME)";
				SWIFT_VERSION = 5.0;
				TARGETED_DEVICE_FAMILY = "1,2";
				TEST_HOST = "$(BUILT_PRODUCTS_DIR)/seco.app/seco";
			};
			name = Debug;
		};
		5E70DEF023FF1FC900ACC2C7 /* Release */ = {
			isa = XCBuildConfiguration;
			baseConfigurationReference = 09D9AC7E0AB2BF3639881ACB /* Pods-secoTests.release.xcconfig */;
			buildSettings = {
				ALWAYS_EMBED_SWIFT_STANDARD_LIBRARIES = YES;
				BUNDLE_LOADER = "$(TEST_HOST)";
				CODE_SIGN_STYLE = Automatic;
				DEVELOPMENT_TEAM = 7ZPDPWR8XU;
				INFOPLIST_FILE = secoTests/Info.plist;
				IPHONEOS_DEPLOYMENT_TARGET = 13.2;
				LD_RUNPATH_SEARCH_PATHS = (
					"$(inherited)",
					"@executable_path/Frameworks",
					"@loader_path/Frameworks",
				);
				PRODUCT_BUNDLE_IDENTIFIER = jca.secoTests;
				PRODUCT_NAME = "$(TARGET_NAME)";
				SWIFT_VERSION = 5.0;
				TARGETED_DEVICE_FAMILY = "1,2";
				TEST_HOST = "$(BUILT_PRODUCTS_DIR)/seco.app/seco";
			};
			name = Release;
		};
/* End XCBuildConfiguration section */

/* Begin XCConfigurationList section */
		5E70DEC723FF1FC800ACC2C7 /* Build configuration list for PBXProject "seco" */ = {
			isa = XCConfigurationList;
			buildConfigurations = (
				5E70DEE923FF1FC900ACC2C7 /* Debug */,
				5E70DEEA23FF1FC900ACC2C7 /* Release */,
			);
			defaultConfigurationIsVisible = 0;
			defaultConfigurationName = Release;
		};
		5E70DEEB23FF1FC900ACC2C7 /* Build configuration list for PBXNativeTarget "seco" */ = {
			isa = XCConfigurationList;
			buildConfigurations = (
				5E70DEEC23FF1FC900ACC2C7 /* Debug */,
				5E70DEED23FF1FC900ACC2C7 /* Release */,
			);
			defaultConfigurationIsVisible = 0;
			defaultConfigurationName = Release;
		};
		5E70DEEE23FF1FC900ACC2C7 /* Build configuration list for PBXNativeTarget "secoTests" */ = {
			isa = XCConfigurationList;
			buildConfigurations = (
				5E70DEEF23FF1FC900ACC2C7 /* Debug */,
				5E70DEF023FF1FC900ACC2C7 /* Release */,
			);
			defaultConfigurationIsVisible = 0;
			defaultConfigurationName = Release;
		};
/* End XCConfigurationList section */
	};
	rootObject = 5E70DEC423FF1FC800ACC2C7 /* Project object */;
}
